// !$*UTF8*$!
{
	archiveVersion = 1;
	classes = {
	};
	objectVersion = 50;
	objects = {

/* Begin PBXBuildFile section */
		CF46BAC12670B36E0078E7B1 /* AppDelegate.swift in Sources */ = {isa = PBXBuildFile; fileRef = CF46BAC02670B36E0078E7B1 /* AppDelegate.swift */; };
		CF46BAC32670B36E0078E7B1 /* SceneDelegate.swift in Sources */ = {isa = PBXBuildFile; fileRef = CF46BAC22670B36E0078E7B1 /* SceneDelegate.swift */; };
		CF46BAC52670B36E0078E7B1 /* PersonsTableViewController.swift in Sources */ = {isa = PBXBuildFile; fileRef = CF46BAC42670B36E0078E7B1 /* PersonsTableViewController.swift */; };
		CF46BAC82670B36E0078E7B1 /* Main.storyboard in Resources */ = {isa = PBXBuildFile; fileRef = CF46BAC62670B36E0078E7B1 /* Main.storyboard */; };
		CF46BACA2670B3700078E7B1 /* Assets.xcassets in Resources */ = {isa = PBXBuildFile; fileRef = CF46BAC92670B3700078E7B1 /* Assets.xcassets */; };
		CF46BACD2670B3700078E7B1 /* LaunchScreen.storyboard in Resources */ = {isa = PBXBuildFile; fileRef = CF46BACB2670B3700078E7B1 /* LaunchScreen.storyboard */; };
		CF46BAD82670B85D0078E7B1 /* Model.swift in Sources */ = {isa = PBXBuildFile; fileRef = CF46BAD72670B85D0078E7B1 /* Model.swift */; };
		CF46BAE02670C69D0078E7B1 /* PersonsDetailTableViewController.swift in Sources */ = {isa = PBXBuildFile; fileRef = CF46BADF2670C69D0078E7B1 /* PersonsDetailTableViewController.swift */; };
		CF46BAE32670C72E0078E7B1 /* DetailViewController.swift in Sources */ = {isa = PBXBuildFile; fileRef = CF46BAE22670C72E0078E7B1 /* DetailViewController.swift */; };
/* End PBXBuildFile section */

/* Begin PBXFileReference section */
		CF46BABD2670B36E0078E7B1 /* PersonsList.app */ = {isa = PBXFileReference; explicitFileType = wrapper.application; includeInIndex = 0; path = PersonsList.app; sourceTree = BUILT_PRODUCTS_DIR; };
		CF46BAC02670B36E0078E7B1 /* AppDelegate.swift */ = {isa = PBXFileReference; lastKnownFileType = sourcecode.swift; path = AppDelegate.swift; sourceTree = "<group>"; };
		CF46BAC22670B36E0078E7B1 /* SceneDelegate.swift */ = {isa = PBXFileReference; lastKnownFileType = sourcecode.swift; path = SceneDelegate.swift; sourceTree = "<group>"; };
		CF46BAC42670B36E0078E7B1 /* PersonsTableViewController.swift */ = {isa = PBXFileReference; lastKnownFileType = sourcecode.swift; path = PersonsTableViewController.swift; sourceTree = "<group>"; };
		CF46BAC72670B36E0078E7B1 /* Base */ = {isa = PBXFileReference; lastKnownFileType = file.storyboard; name = Base; path = Base.lproj/Main.storyboard; sourceTree = "<group>"; };
		CF46BAC92670B3700078E7B1 /* Assets.xcassets */ = {isa = PBXFileReference; lastKnownFileType = folder.assetcatalog; path = Assets.xcassets; sourceTree = "<group>"; };
		CF46BACC2670B3700078E7B1 /* Base */ = {isa = PBXFileReference; lastKnownFileType = file.storyboard; name = Base; path = Base.lproj/LaunchScreen.storyboard; sourceTree = "<group>"; };
		CF46BACE2670B3700078E7B1 /* Info.plist */ = {isa = PBXFileReference; lastKnownFileType = text.plist.xml; path = Info.plist; sourceTree = "<group>"; };
		CF46BAD72670B85D0078E7B1 /* Model.swift */ = {isa = PBXFileReference; lastKnownFileType = sourcecode.swift; path = Model.swift; sourceTree = "<group>"; };
		CF46BADF2670C69D0078E7B1 /* PersonsDetailTableViewController.swift */ = {isa = PBXFileReference; lastKnownFileType = sourcecode.swift; path = PersonsDetailTableViewController.swift; sourceTree = "<group>"; };
		CF46BAE22670C72E0078E7B1 /* DetailViewController.swift */ = {isa = PBXFileReference; lastKnownFileType = sourcecode.swift; path = DetailViewController.swift; sourceTree = "<group>"; };
/* End PBXFileReference section */

/* Begin PBXFrameworksBuildPhase section */
		CF46BABA2670B36E0078E7B1 /* Frameworks */ = {
			isa = PBXFrameworksBuildPhase;
			buildActionMask = 2147483647;
			files = (
			);
			runOnlyForDeploymentPostprocessing = 0;
		};
/* End PBXFrameworksBuildPhase section */

/* Begin PBXGroup section */
		CF46BAB42670B36E0078E7B1 = {
			isa = PBXGroup;
			children = (
				CF46BABF2670B36E0078E7B1 /* PersonsList */,
				CF46BABE2670B36E0078E7B1 /* Products */,
			);
			sourceTree = "<group>";
		};
		CF46BABE2670B36E0078E7B1 /* Products */ = {
			isa = PBXGroup;
			children = (
				CF46BABD2670B36E0078E7B1 /* PersonsList.app */,
			);
			name = Products;
			sourceTree = "<group>";
		};
		CF46BABF2670B36E0078E7B1 /* PersonsList */ = {
			isa = PBXGroup;
			children = (
				CF46BAE62670C8170078E7B1 /* Storyboards */,
				CF46BADD2670C5750078E7B1 /* ViewControllers */,
				CF46BAD62670B8450078E7B1 /* Model */,
				CF46BAC02670B36E0078E7B1 /* AppDelegate.swift */,
				CF46BAC22670B36E0078E7B1 /* SceneDelegate.swift */,
				CF46BAC92670B3700078E7B1 /* Assets.xcassets */,
				CF46BACE2670B3700078E7B1 /* Info.plist */,
			);
			path = PersonsList;
			sourceTree = "<group>";
		};
		CF46BAD62670B8450078E7B1 /* Model */ = {
			isa = PBXGroup;
			children = (
				CF46BAD72670B85D0078E7B1 /* Model.swift */,
			);
			path = Model;
			sourceTree = "<group>";
		};
		CF46BADD2670C5750078E7B1 /* ViewControllers */ = {
			isa = PBXGroup;
			children = (
				CF46BAE22670C72E0078E7B1 /* DetailViewController.swift */,
				CF46BADF2670C69D0078E7B1 /* PersonsDetailTableViewController.swift */,
				CF46BAC42670B36E0078E7B1 /* PersonsTableViewController.swift */,
			);
			path = ViewControllers;
			sourceTree = "<group>";
		};
		CF46BAE62670C8170078E7B1 /* Storyboards */ = {
			isa = PBXGroup;
			children = (
				CF46BACB2670B3700078E7B1 /* LaunchScreen.storyboard */,
				CF46BAC62670B36E0078E7B1 /* Main.storyboard */,
			);
			path = Storyboards;
			sourceTree = "<group>";
		};
/* End PBXGroup section */

/* Begin PBXNativeTarget section */
		CF46BABC2670B36E0078E7B1 /* PersonsList */ = {
			isa = PBXNativeTarget;
			buildConfigurationList = CF46BAD12670B3700078E7B1 /* Build configuration list for PBXNativeTarget "PersonsList" */;
			buildPhases = (
				CF46BAB92670B36E0078E7B1 /* Sources */,
				CF46BABA2670B36E0078E7B1 /* Frameworks */,
				CF46BABB2670B36E0078E7B1 /* Resources */,
			);
			buildRules = (
			);
			dependencies = (
			);
			name = PersonsList;
			productName = PersonsList;
			productReference = CF46BABD2670B36E0078E7B1 /* PersonsList.app */;
			productType = "com.apple.product-type.application";
		};
/* End PBXNativeTarget section */

/* Begin PBXProject section */
		CF46BAB52670B36E0078E7B1 /* Project object */ = {
			isa = PBXProject;
			attributes = {
				LastSwiftUpdateCheck = 1240;
				LastUpgradeCheck = 1240;
				TargetAttributes = {
					CF46BABC2670B36E0078E7B1 = {
						CreatedOnToolsVersion = 12.4;
					};
				};
			};
			buildConfigurationList = CF46BAB82670B36E0078E7B1 /* Build configuration list for PBXProject "PersonsList" */;
			compatibilityVersion = "Xcode 9.3";
			developmentRegion = en;
			hasScannedForEncodings = 0;
			knownRegions = (
				en,
				Base,
			);
			mainGroup = CF46BAB42670B36E0078E7B1;
			productRefGroup = CF46BABE2670B36E0078E7B1 /* Products */;
			projectDirPath = "";
			projectRoot = "";
			targets = (
				CF46BABC2670B36E0078E7B1 /* PersonsList */,
			);
		};
/* End PBXProject section */

/* Begin PBXResourcesBuildPhase section */
		CF46BABB2670B36E0078E7B1 /* Resources */ = {
			isa = PBXResourcesBuildPhase;
			buildActionMask = 2147483647;
			files = (
				CF46BACD2670B3700078E7B1 /* LaunchScreen.storyboard in Resources */,
				CF46BACA2670B3700078E7B1 /* Assets.xcassets in Resources */,
				CF46BAC82670B36E0078E7B1 /* Main.storyboard in Resources */,
			);
			runOnlyForDeploymentPostprocessing = 0;
		};
/* End PBXResourcesBuildPhase section */

/* Begin PBXSourcesBuildPhase section */
		CF46BAB92670B36E0078E7B1 /* Sources */ = {
			isa = PBXSourcesBuildPhase;
			buildActionMask = 2147483647;
			files = (
				CF46BAC52670B36E0078E7B1 /* PersonsTableViewController.swift in Sources */,
				CF46BAC12670B36E0078E7B1 /* AppDelegate.swift in Sources */,
				CF46BAC32670B36E0078E7B1 /* SceneDelegate.swift in Sources */,
				CF46BAE32670C72E0078E7B1 /* DetailViewController.swift in Sources */,
				CF46BAE02670C69D0078E7B1 /* PersonsDetailTableViewController.swift in Sources */,
				CF46BAD82670B85D0078E7B1 /* Model.swift in Sources */,
			);
			runOnlyForDeploymentPostprocessing = 0;
		};
/* End PBXSourcesBuildPhase section */

/* Begin PBXVariantGroup section */
		CF46BAC62670B36E0078E7B1 /* Main.storyboard */ = {
			isa = PBXVariantGroup;
			children = (
				CF46BAC72670B36E0078E7B1 /* Base */,
			);
			name = Main.storyboard;
			sourceTree = "<group>";
		};
		CF46BACB2670B3700078E7B1 /* LaunchScreen.storyboard */ = {
			isa = PBXVariantGroup;
			children = (
				CF46BACC2670B3700078E7B1 /* Base */,
			);
			name = LaunchScreen.storyboard;
			sourceTree = "<group>";
		};
/* End PBXVariantGroup section */

/* Begin XCBuildConfiguration section */
		CF46BACF2670B3700078E7B1 /* Debug */ = {
			isa = XCBuildConfiguration;
			buildSettings = {
				ALWAYS_SEARCH_USER_PATHS = NO;
				CLANG_ANALYZER_NONNULL = YES;
				CLANG_ANALYZER_NUMBER_OBJECT_CONVERSION = YES_AGGRESSIVE;
				CLANG_CXX_LANGUAGE_STANDARD = "gnu++14";
				CLANG_CXX_LIBRARY = "libc++";
				CLANG_ENABLE_MODULES = YES;
				CLANG_ENABLE_OBJC_ARC = YES;
				CLANG_ENABLE_OBJC_WEAK = YES;
				CLANG_WARN_BLOCK_CAPTURE_AUTORELEASING = YES;
				CLANG_WARN_BOOL_CONVERSION = YES;
				CLANG_WARN_COMMA = YES;
				CLANG_WARN_CONSTANT_CONVERSION = YES;
				CLANG_WARN_DEPRECATED_OBJC_IMPLEMENTATIONS = YES;
				CLANG_WARN_DIRECT_OBJC_ISA_USAGE = YES_ERROR;
				CLANG_WARN_DOCUMENTATION_COMMENTS = YES;
				CLANG_WARN_EMPTY_BODY = YES;
				CLANG_WARN_ENUM_CONVERSION = YES;
				CLANG_WARN_INFINITE_RECURSION = YES;
				CLANG_WARN_INT_CONVERSION = YES;
				CLANG_WARN_NON_LITERAL_NULL_CONVERSION = YES;
				CLANG_WARN_OBJC_IMPLICIT_RETAIN_SELF = YES;
				CLANG_WARN_OBJC_LITERAL_CONVERSION = YES;
				CLANG_WARN_OBJC_ROOT_CLASS = YES_ERROR;
				CLANG_WARN_QUOTED_INCLUDE_IN_FRAMEWORK_HEADER = YES;
				CLANG_WARN_RANGE_LOOP_ANALYSIS = YES;
				CLANG_WARN_STRICT_PROTOTYPES = YES;
				CLANG_WARN_SUSPICIOUS_MOVE = YES;
				CLANG_WARN_UNGUARDED_AVAILABILITY = YES_AGGRESSIVE;
				CLANG_WARN_UNREACHABLE_CODE = YES;
				CLANG_WARN__DUPLICATE_METHOD_MATCH = YES;
				COPY_PHASE_STRIP = NO;
				DEBUG_INFORMATION_FORMAT = dwarf;
				ENABLE_STRICT_OBJC_MSGSEND = YES;
				ENABLE_TESTABILITY = YES;
				GCC_C_LANGUAGE_STANDARD = gnu11;
				GCC_DYNAMIC_NO_PIC = NO;
				GCC_NO_COMMON_BLOCKS = YES;
				GCC_OPTIMIZATION_LEVEL = 0;
				GCC_PREPROCESSOR_DEFINITIONS = (
					"DEBUG=1",
					"$(inherited)",
				);
				GCC_WARN_64_TO_32_BIT_CONVERSION = YES;
				GCC_WARN_ABOUT_RETURN_TYPE = YES_ERROR;
				GCC_WARN_UNDECLARED_SELECTOR = YES;
				GCC_WARN_UNINITIALIZED_AUTOS = YES_AGGRESSIVE;
				GCC_WARN_UNUSED_FUNCTION = YES;
				GCC_WARN_UNUSED_VARIABLE = YES;
				IPHONEOS_DEPLOYMENT_TARGET = 14.4;
				MTL_ENABLE_DEBUG_INFO = INCLUDE_SOURCE;
				MTL_FAST_MATH = YES;
				ONLY_ACTIVE_ARCH = YES;
				SDKROOT = iphoneos;
				SWIFT_ACTIVE_COMPILATION_CONDITIONS = DEBUG;
				SWIFT_OPTIMIZATION_LEVEL = "-Onone";
			};
			name = Debug;
		};
		CF46BAD02670B3700078E7B1 /* Release */ = {
			isa = XCBuildConfiguration;
			buildSettings = {
				ALWAYS_SEARCH_USER_PATHS = NO;
				CLANG_ANALYZER_NONNULL = YES;
				CLANG_ANALYZER_NUMBER_OBJECT_CONVERSION = YES_AGGRESSIVE;
				CLANG_CXX_LANGUAGE_STANDARD = "gnu++14";
				CLANG_CXX_LIBRARY = "libc++";
				CLANG_ENABLE_MODULES = YES;
				CLANG_ENABLE_OBJC_ARC = YES;
				CLANG_ENABLE_OBJC_WEAK = YES;
				CLANG_WARN_BLOCK_CAPTURE_AUTORELEASING = YES;
				CLANG_WARN_BOOL_CONVERSION = YES;
				CLANG_WARN_COMMA = YES;
				CLANG_WARN_CONSTANT_CONVERSION = YES;
				CLANG_WARN_DEPRECATED_OBJC_IMPLEMENTATIONS = YES;
				CLANG_WARN_DIRECT_OBJC_ISA_USAGE = YES_ERROR;
				CLANG_WARN_DOCUMENTATION_COMMENTS = YES;
				CLANG_WARN_EMPTY_BODY = YES;
				CLANG_WARN_ENUM_CONVERSION = YES;
				CLANG_WARN_INFINITE_RECURSION = YES;
				CLANG_WARN_INT_CONVERSION = YES;
				CLANG_WARN_NON_LITERAL_NULL_CONVERSION = YES;
				CLANG_WARN_OBJC_IMPLICIT_RETAIN_SELF = YES;
				CLANG_WARN_OBJC_LITERAL_CONVERSION = YES;
				CLANG_WARN_OBJC_ROOT_CLASS = YES_ERROR;
				CLANG_WARN_QUOTED_INCLUDE_IN_FRAMEWORK_HEADER = YES;
				CLANG_WARN_RANGE_LOOP_ANALYSIS = YES;
				CLANG_WARN_STRICT_PROTOTYPES = YES;
				CLANG_WARN_SUSPICIOUS_MOVE = YES;
				CLANG_WARN_UNGUARDED_AVAILABILITY = YES_AGGRESSIVE;
				CLANG_WARN_UNREACHABLE_CODE = YES;
				CLANG_WARN__DUPLICATE_METHOD_MATCH = YES;
				COPY_PHASE_STRIP = NO;
				DEBUG_INFORMATION_FORMAT = "dwarf-with-dsym";
				ENABLE_NS_ASSERTIONS = NO;
				ENABLE_STRICT_OBJC_MSGSEND = YES;
				GCC_C_LANGUAGE_STANDARD = gnu11;
				GCC_NO_COMMON_BLOCKS = YES;
				GCC_WARN_64_TO_32_BIT_CONVERSION = YES;
				GCC_WARN_ABOUT_RETURN_TYPE = YES_ERROR;
				GCC_WARN_UNDECLARED_SELECTOR = YES;
				GCC_WARN_UNINITIALIZED_AUTOS = YES_AGGRESSIVE;
				GCC_WARN_UNUSED_FUNCTION = YES;
				GCC_WARN_UNUSED_VARIABLE = YES;
				IPHONEOS_DEPLOYMENT_TARGET = 14.4;
				MTL_ENABLE_DEBUG_INFO = NO;
				MTL_FAST_MATH = YES;
				SDKROOT = iphoneos;
				SWIFT_COMPILATION_MODE = wholemodule;
				SWIFT_OPTIMIZATION_LEVEL = "-O";
				VALIDATE_PRODUCT = YES;
			};
			name = Release;
		};
		CF46BAD22670B3700078E7B1 /* Debug */ = {
			isa = XCBuildConfiguration;
			buildSettings = {
				ASSETCATALOG_COMPILER_APPICON_NAME = AppIcon;
				ASSETCATALOG_COMPILER_GLOBAL_ACCENT_COLOR_NAME = AccentColor;
				CODE_SIGN_STYLE = Automatic;
				DEVELOPMENT_TEAM = 59U3Y8MDY6;
				INFOPLIST_FILE = PersonsList/Info.plist;
				IPHONEOS_DEPLOYMENT_TARGET = 14.1;
				LD_RUNPATH_SEARCH_PATHS = (
					"$(inherited)",
					"@executable_path/Frameworks",
				);
				PRODUCT_BUNDLE_IDENTIFIER = QV.PersonsList;
				PRODUCT_NAME = "$(TARGET_NAME)";
				SWIFT_VERSION = 5.0;
				TARGETED_DEVICE_FAMILY = "1,2";
			};
			name = Debug;
		};
		CF46BAD32670B3700078E7B1 /* Release */ = {
			isa = XCBuildConfiguration;
			buildSettings = {
				ASSETCATALOG_COMPILER_APPICON_NAME = AppIcon;
				ASSETCATALOG_COMPILER_GLOBAL_ACCENT_COLOR_NAME = AccentColor;
				CODE_SIGN_STYLE = Automatic;
				DEVELOPMENT_TEAM = 59U3Y8MDY6;
				INFOPLIST_FILE = PersonsList/Info.plist;
				IPHONEOS_DEPLOYMENT_TARGET = 14.1;
				LD_RUNPATH_SEARCH_PATHS = (
					"$(inherited)",
					"@executable_path/Frameworks",
				);
				PRODUCT_BUNDLE_IDENTIFIER = QV.PersonsList;
				PRODUCT_NAME = "$(TARGET_NAME)";
				SWIFT_VERSION = 5.0;
				TARGETED_DEVICE_FAMILY = "1,2";
			};
			name = Release;
		};
/* End XCBuildConfiguration section */

/* Begin XCConfigurationList section */
		CF46BAB82670B36E0078E7B1 /* Build configuration list for PBXProject "PersonsList" */ = {
			isa = XCConfigurationList;
			buildConfigurations = (
				CF46BACF2670B3700078E7B1 /* Debug */,
				CF46BAD02670B3700078E7B1 /* Release */,
			);
			defaultConfigurationIsVisible = 0;
			defaultConfigurationName = Release;
		};
		CF46BAD12670B3700078E7B1 /* Build configuration list for PBXNativeTarget "PersonsList" */ = {
			isa = XCConfigurationList;
			buildConfigurations = (
				CF46BAD22670B3700078E7B1 /* Debug */,
				CF46BAD32670B3700078E7B1 /* Release */,
			);
			defaultConfigurationIsVisible = 0;
			defaultConfigurationName = Release;
		};
/* End XCConfigurationList section */
	};
	rootObject = CF46BAB52670B36E0078E7B1 /* Project object */;
}
